
Microsoft Visual Studio Solution File, Format Version 12.00
# Visual Studio Version 16
VisualStudioVersion = 16.0.29613.14
MinimumVisualStudioVersion = 10.0.40219.1
Project("{FAE04EC0-301F-11D3-BF4B-00C04F79EFBC}") = "Publisher", "Publisher\Publisher.csproj", "{3D226DEA-15B9-42C4-A80B-F1C1E7B8CD94}"
EndProject
Project("{FAE04EC0-301F-11D3-BF4B-00C04F79EFBC}") = "Consumer", "Consumer\Consumer.csproj", "{6D3BF6DA-B974-4049-969C-84599B0CEAC5}"
EndProject
Global
	GlobalSection(SolutionConfigurationPlatforms) = preSolution
		Debug|Any CPU = Debug|Any CPU
		Release|Any CPU = Release|Any CPU
	EndGlobalSection
	GlobalSection(ProjectConfigurationPlatforms) = postSolution
		{3D226DEA-15B9-42C4-A80B-F1C1E7B8CD94}.Debug|Any CPU.ActiveCfg = Debug|Any CPU
		{3D226DEA-15B9-42C4-A80B-F1C1E7B8CD94}.Debug|Any CPU.Build.0 = Debug|Any CPU
		{3D226DEA-15B9-42C4-A80B-F1C1E7B8CD94}.Release|Any CPU.ActiveCfg = Release|Any CPU
		{3D226DEA-15B9-42C4-A80B-F1C1E7B8CD94}.Release|Any CPU.Build.0 = Release|Any CPU
		{6D3BF6DA-B974-4049-969C-84599B0CEAC5}.Debug|Any CPU.ActiveCfg = Debug|Any CPU
		{6D3BF6DA-B974-4049-969C-84599B0CEAC5}.Debug|Any CPU.Build.0 = Debug|Any CPU
		{6D3BF6DA-B974-4049-969C-84599B0CEAC5}.Release|Any CPU.ActiveCfg = Release|Any CPU
		{6D3BF6DA-B974-4049-969C-84599B0CEAC5}.Release|Any CPU.Build.0 = Release|Any CPU
	EndGlobalSection
	GlobalSection(SolutionProperties) = preSolution
		HideSolutionNode = FALSE
	EndGlobalSection
	GlobalSection(ExtensibilityGlobals) = postSolution
		SolutionGuid = {3C4C04B5-6117-4DA1-B372-C6CD56D1FDE8}
	EndGlobalSection
EndGlobal
